
Microsoft Visual Studio Solution File, Format Version 12.00
# Visual Studio Version 16
VisualStudioVersion = 16.0.32126.315
MinimumVisualStudioVersion = 10.0.40219.1
Project("{8BC9CEB8-8B4A-11D0-8D11-00A0C91BC942}") = "Sn=a+aa+aaa+aaaa+aaaaa的前5项之和，其中a是一个数字", "Sn=a+aa+aaa+aaaa+aaaaa的前5项之和，其中a是一个数字\Sn=a+aa+aaa+aaaa+aaaaa的前5项之和，其中a是一个数字.vcxproj", "{EF27A331-5829-44C5-850E-1D4A40D0F26A}"
EndProject
Global
	GlobalSection(SolutionConfigurationPlatforms) = preSolution
		Debug|x64 = Debug|x64
		Debug|x86 = Debug|x86
		Release|x64 = Release|x64
		Release|x86 = Release|x86
	EndGlobalSection
	GlobalSection(ProjectConfigurationPlatforms) = postSolution
		{EF27A331-5829-44C5-850E-1D4A40D0F26A}.Debug|x64.ActiveCfg = Debug|x64
		{EF27A331-5829-44C5-850E-1D4A40D0F26A}.Debug|x64.Build.0 = Debug|x64
		{EF27A331-5829-44C5-850E-1D4A40D0F26A}.Debug|x86.ActiveCfg = Debug|Win32
		{EF27A331-5829-44C5-850E-1D4A40D0F26A}.Debug|x86.Build.0 = Debug|Win32
		{EF27A331-5829-44C5-850E-1D4A40D0F26A}.Release|x64.ActiveCfg = Release|x64
		{EF27A331-5829-44C5-850E-1D4A40D0F26A}.Release|x64.Build.0 = Release|x64
		{EF27A331-5829-44C5-850E-1D4A40D0F26A}.Release|x86.ActiveCfg = Release|Win32
		{EF27A331-5829-44C5-850E-1D4A40D0F26A}.Release|x86.Build.0 = Release|Win32
	EndGlobalSection
	GlobalSection(SolutionProperties) = preSolution
		HideSolutionNode = FALSE
	EndGlobalSection
	GlobalSection(ExtensibilityGlobals) = postSolution
		SolutionGuid = {EE0EC23A-2CAA-49A7-A831-D6CA0CEAD127}
	EndGlobalSection
EndGlobal
