
Microsoft Visual Studio Solution File, Format Version 12.00
# Visual Studio Version 16
VisualStudioVersion = 16.0.32126.315
MinimumVisualStudioVersion = 10.0.40219.1
Project("{8BC9CEB8-8B4A-11D0-8D11-00A0C91BC942}") = "输出的对齐", "输出的对齐\输出的对齐.vcxproj", "{E362C5C7-506B-43CB-A25E-8C0958BEAE83}"
EndProject
Global
	GlobalSection(SolutionConfigurationPlatforms) = preSolution
		Debug|x64 = Debug|x64
		Debug|x86 = Debug|x86
		Release|x64 = Release|x64
		Release|x86 = Release|x86
	EndGlobalSection
	GlobalSection(ProjectConfigurationPlatforms) = postSolution
		{E362C5C7-506B-43CB-A25E-8C0958BEAE83}.Debug|x64.ActiveCfg = Debug|x64
		{E362C5C7-506B-43CB-A25E-8C0958BEAE83}.Debug|x64.Build.0 = Debug|x64
		{E362C5C7-506B-43CB-A25E-8C0958BEAE83}.Debug|x86.ActiveCfg = Debug|Win32
		{E362C5C7-506B-43CB-A25E-8C0958BEAE83}.Debug|x86.Build.0 = Debug|Win32
		{E362C5C7-506B-43CB-A25E-8C0958BEAE83}.Release|x64.ActiveCfg = Release|x64
		{E362C5C7-506B-43CB-A25E-8C0958BEAE83}.Release|x64.Build.0 = Release|x64
		{E362C5C7-506B-43CB-A25E-8C0958BEAE83}.Release|x86.ActiveCfg = Release|Win32
		{E362C5C7-506B-43CB-A25E-8C0958BEAE83}.Release|x86.Build.0 = Release|Win32
	EndGlobalSection
	GlobalSection(SolutionProperties) = preSolution
		HideSolutionNode = FALSE
	EndGlobalSection
	GlobalSection(ExtensibilityGlobals) = postSolution
		SolutionGuid = {3A1979D9-AEAF-4920-940D-9C15697BB4E0}
	EndGlobalSection
EndGlobal
