
Microsoft Visual Studio Solution File, Format Version 12.00
# Visual Studio Version 16
VisualStudioVersion = 16.0.32602.291
MinimumVisualStudioVersion = 10.0.40219.1
Project("{8BC9CEB8-8B4A-11D0-8D11-00A0C91BC942}") = "strlen模拟实现优化", "strlen模拟实现优化\strlen模拟实现优化.vcxproj", "{F0F1BA61-FC15-4B6F-8ADC-2F956F9C7DEB}"
EndProject
Global
	GlobalSection(SolutionConfigurationPlatforms) = preSolution
		Debug|x64 = Debug|x64
		Debug|x86 = Debug|x86
		Release|x64 = Release|x64
		Release|x86 = Release|x86
	EndGlobalSection
	GlobalSection(ProjectConfigurationPlatforms) = postSolution
		{F0F1BA61-FC15-4B6F-8ADC-2F956F9C7DEB}.Debug|x64.ActiveCfg = Debug|x64
		{F0F1BA61-FC15-4B6F-8ADC-2F956F9C7DEB}.Debug|x64.Build.0 = Debug|x64
		{F0F1BA61-FC15-4B6F-8ADC-2F956F9C7DEB}.Debug|x86.ActiveCfg = Debug|Win32
		{F0F1BA61-FC15-4B6F-8ADC-2F956F9C7DEB}.Debug|x86.Build.0 = Debug|Win32
		{F0F1BA61-FC15-4B6F-8ADC-2F956F9C7DEB}.Release|x64.ActiveCfg = Release|x64
		{F0F1BA61-FC15-4B6F-8ADC-2F956F9C7DEB}.Release|x64.Build.0 = Release|x64
		{F0F1BA61-FC15-4B6F-8ADC-2F956F9C7DEB}.Release|x86.ActiveCfg = Release|Win32
		{F0F1BA61-FC15-4B6F-8ADC-2F956F9C7DEB}.Release|x86.Build.0 = Release|Win32
	EndGlobalSection
	GlobalSection(SolutionProperties) = preSolution
		HideSolutionNode = FALSE
	EndGlobalSection
	GlobalSection(ExtensibilityGlobals) = postSolution
		SolutionGuid = {06BE52E2-1A37-4754-936B-E18DB8C97842}
	EndGlobalSection
EndGlobal
